
Microsoft Visual Studio Solution File, Format Version 12.00
# Visual Studio 15
VisualStudioVersion = 15.0.28307.1209
MinimumVisualStudioVersion = 10.0.40219.1
Project("{8BC9CEB8-8B4A-11D0-8D11-00A0C91BC942}") = "알고_7주차_1번", "알고_7주차_1번.vcxproj", "{5218106A-8C4E-4C91-9766-0B47F5C862AB}"
EndProject
Global
	GlobalSection(SolutionConfigurationPlatforms) = preSolution
		Debug|x64 = Debug|x64
		Debug|x86 = Debug|x86
		Release|x64 = Release|x64
		Release|x86 = Release|x86
	EndGlobalSection
	GlobalSection(ProjectConfigurationPlatforms) = postSolution
		{5218106A-8C4E-4C91-9766-0B47F5C862AB}.Debug|x64.ActiveCfg = Debug|x64
		{5218106A-8C4E-4C91-9766-0B47F5C862AB}.Debug|x64.Build.0 = Debug|x64
		{5218106A-8C4E-4C91-9766-0B47F5C862AB}.Debug|x86.ActiveCfg = Debug|Win32
		{5218106A-8C4E-4C91-9766-0B47F5C862AB}.Debug|x86.Build.0 = Debug|Win32
		{5218106A-8C4E-4C91-9766-0B47F5C862AB}.Release|x64.ActiveCfg = Release|x64
		{5218106A-8C4E-4C91-9766-0B47F5C862AB}.Release|x64.Build.0 = Release|x64
		{5218106A-8C4E-4C91-9766-0B47F5C862AB}.Release|x86.ActiveCfg = Release|Win32
		{5218106A-8C4E-4C91-9766-0B47F5C862AB}.Release|x86.Build.0 = Release|Win32
	EndGlobalSection
	GlobalSection(SolutionProperties) = preSolution
		HideSolutionNode = FALSE
	EndGlobalSection
	GlobalSection(ExtensibilityGlobals) = postSolution
		SolutionGuid = {6C2D7C27-6000-4E67-A118-3D7907EAC7F8}
	EndGlobalSection
EndGlobal
